
Microsoft Visual Studio Solution File, Format Version 12.00
# Visual Studio Version 17
VisualStudioVersion = 17.4.33213.308
MinimumVisualStudioVersion = 10.0.40219.1
Project("{FAE04EC0-301F-11D3-BF4B-00C04F79EFBC}") = "task4", "task4.csproj", "{9079AD05-5BB7-428E-882D-1BC5B7D35C26}"
EndProject
Global
	GlobalSection(SolutionConfigurationPlatforms) = preSolution
		Debug|Any CPU = Debug|Any CPU
		Release|Any CPU = Release|Any CPU
	EndGlobalSection
	GlobalSection(ProjectConfigurationPlatforms) = postSolution
		{9079AD05-5BB7-428E-882D-1BC5B7D35C26}.Debug|Any CPU.ActiveCfg = Debug|Any CPU
		{9079AD05-5BB7-428E-882D-1BC5B7D35C26}.Debug|Any CPU.Build.0 = Debug|Any CPU
		{9079AD05-5BB7-428E-882D-1BC5B7D35C26}.Release|Any CPU.ActiveCfg = Release|Any CPU
		{9079AD05-5BB7-428E-882D-1BC5B7D35C26}.Release|Any CPU.Build.0 = Release|Any CPU
	EndGlobalSection
	GlobalSection(SolutionProperties) = preSolution
		HideSolutionNode = FALSE
	EndGlobalSection
	GlobalSection(ExtensibilityGlobals) = postSolution
		SolutionGuid = {B81CACD1-25F6-43FE-8212-2CF42C359505}
	EndGlobalSection
EndGlobal
